# This file is automatically @generated by Cargo.
# It is not intended for manual editing.
version = 4

[[package]]
name = "ncurses-rs"
version = "0.0.3"
source = "registry+https://github.com/rust-lang/crates.io-index"
checksum = "301b59a7b36f58c5c2cfa297de442f0e432cbfc06b3b9b567c180df44c2ff92c"

[[package]]
name = "rclock"
version = "0.1.0"
dependencies = [
 "ncurses-rs",
]
